
Microsoft Visual Studio Solution File, Format Version 11.00
# Visual Studio 2010
Project("{8BC9CEB8-8B4A-11D0-8D11-00A0C91BC942}") = "ManyCube", "ManyCube.vcxproj", "{E8559EF6-F58F-4907-80F8-6663A36EA193}"
EndProject
Global
	GlobalSection(SolutionConfigurationPlatforms) = preSolution
		Debug|Win32 = Debug|Win32
		Release|Win32 = Release|Win32
	EndGlobalSection
	GlobalSection(ProjectConfigurationPlatforms) = postSolution
		{E8559EF6-F58F-4907-80F8-6663A36EA193}.Debug|Win32.ActiveCfg = Debug|Win32
		{E8559EF6-F58F-4907-80F8-6663A36EA193}.Debug|Win32.Build.0 = Debug|Win32
		{E8559EF6-F58F-4907-80F8-6663A36EA193}.Release|Win32.ActiveCfg = Release|Win32
		{E8559EF6-F58F-4907-80F8-6663A36EA193}.Release|Win32.Build.0 = Release|Win32
	EndGlobalSection
	GlobalSection(SolutionProperties) = preSolution
		HideSolutionNode = FALSE
	EndGlobalSection
EndGlobal
